packages:
  common_verification:
    revision: null
    version: null
    source:
      Path: ips/common_verification
    dependencies: []
  farrow_filter:
    revision: null
    version: null
    source:
      Path: ips/farrow_filter
    dependencies: []
  hwpe-ctrl:
    revision: null
    version: null
    source:
      Path: ips/hwpe-ctrl
    dependencies:
    - tech_cells_generic
  hwpe-mac-engine:
    revision: null
    version: null
    source:
      Path: ips/hwpe-mac-engine
    dependencies:
    - farrow_filter
    - hwpe-ctrl
    - hwpe-stream
  hwpe-stream:
    revision: null
    version: null
    source:
      Path: ips/hwpe-stream
    dependencies:
    - tech_cells_generic
  scm:
    revision: null
    version: null
    source:
      Path: ips/scm
    dependencies: []
  tech_cells_generic:
    revision: null
    version: null
    source:
      Path: ips/tech_cells_generic
    dependencies:
    - common_verification
  zeroriscy:
    revision: null
    version: null
    source:
      Path: ips/zeroriscy
    dependencies: []
